
Microsoft Visual Studio Solution File, Format Version 12.00
# Visual Studio 15
VisualStudioVersion = 15.0.26730.10
MinimumVisualStudioVersion = 10.0.40219.1
Project("{FAE04EC0-301F-11D3-BF4B-00C04F79EFBC}") = "Zubak2", "Zubak2\Zubak2.csproj", "{227F0559-3981-4FF5-AC85-A052A7C0FA99}"
EndProject
Global
	GlobalSection(SolutionConfigurationPlatforms) = preSolution
		Debug|Any CPU = Debug|Any CPU
		Release|Any CPU = Release|Any CPU
	EndGlobalSection
	GlobalSection(ProjectConfigurationPlatforms) = postSolution
		{227F0559-3981-4FF5-AC85-A052A7C0FA99}.Debug|Any CPU.ActiveCfg = Debug|Any CPU
		{227F0559-3981-4FF5-AC85-A052A7C0FA99}.Debug|Any CPU.Build.0 = Debug|Any CPU
		{227F0559-3981-4FF5-AC85-A052A7C0FA99}.Release|Any CPU.ActiveCfg = Release|Any CPU
		{227F0559-3981-4FF5-AC85-A052A7C0FA99}.Release|Any CPU.Build.0 = Release|Any CPU
	EndGlobalSection
	GlobalSection(SolutionProperties) = preSolution
		HideSolutionNode = FALSE
	EndGlobalSection
	GlobalSection(ExtensibilityGlobals) = postSolution
		SolutionGuid = {A451237F-F4EA-46F9-97DE-165384417070}
	EndGlobalSection
EndGlobal
